
Microsoft Visual Studio Solution File, Format Version 12.00
# Visual Studio Version 16
VisualStudioVersion = 16.0.32106.194
MinimumVisualStudioVersion = 10.0.40219.1
Project("{FAE04EC0-301F-11D3-BF4B-00C04F79EFBC}") = "EquinoxCode", "EquinoxCode\EquinoxCode.csproj", "{B43A64F3-240F-4D10-9599-0C6148A34EF5}"
EndProject
Global
	GlobalSection(SolutionConfigurationPlatforms) = preSolution
		Debug|Any CPU = Debug|Any CPU
		Release|Any CPU = Release|Any CPU
	EndGlobalSection
	GlobalSection(ProjectConfigurationPlatforms) = postSolution
		{B43A64F3-240F-4D10-9599-0C6148A34EF5}.Debug|Any CPU.ActiveCfg = Debug|Any CPU
		{B43A64F3-240F-4D10-9599-0C6148A34EF5}.Debug|Any CPU.Build.0 = Debug|Any CPU
		{B43A64F3-240F-4D10-9599-0C6148A34EF5}.Release|Any CPU.ActiveCfg = Release|Any CPU
		{B43A64F3-240F-4D10-9599-0C6148A34EF5}.Release|Any CPU.Build.0 = Release|Any CPU
	EndGlobalSection
	GlobalSection(SolutionProperties) = preSolution
		HideSolutionNode = FALSE
	EndGlobalSection
	GlobalSection(ExtensibilityGlobals) = postSolution
		SolutionGuid = {FCC9F4B2-376F-446F-8D79-42787BFF4173}
	EndGlobalSection
EndGlobal
